
Microsoft Visual Studio Solution File, Format Version 12.00
# Visual Studio Version 17
VisualStudioVersion = 17.11.35208.52
MinimumVisualStudioVersion = 10.0.40219.1
Project("{FAE04EC0-301F-11D3-BF4B-00C04F79EFBC}") = "Tchiho_Story_01", "Tchiho_Story_01.csproj", "{17512299-F03E-4396-B2E7-3CC1FFC3CC0D}"
EndProject
Global
	GlobalSection(SolutionConfigurationPlatforms) = preSolution
		Debug|Any CPU = Debug|Any CPU
		Release|Any CPU = Release|Any CPU
	EndGlobalSection
	GlobalSection(ProjectConfigurationPlatforms) = postSolution
		{17512299-F03E-4396-B2E7-3CC1FFC3CC0D}.Debug|Any CPU.ActiveCfg = Debug|Any CPU
		{17512299-F03E-4396-B2E7-3CC1FFC3CC0D}.Debug|Any CPU.Build.0 = Debug|Any CPU
		{17512299-F03E-4396-B2E7-3CC1FFC3CC0D}.Release|Any CPU.ActiveCfg = Release|Any CPU
		{17512299-F03E-4396-B2E7-3CC1FFC3CC0D}.Release|Any CPU.Build.0 = Release|Any CPU
	EndGlobalSection
	GlobalSection(SolutionProperties) = preSolution
		HideSolutionNode = FALSE
	EndGlobalSection
	GlobalSection(ExtensibilityGlobals) = postSolution
		SolutionGuid = {F2EE13E3-4F1A-4F46-8CA0-39FEB227AB79}
	EndGlobalSection
EndGlobal
